
Microsoft Visual Studio Solution File, Format Version 12.00
# Visual Studio Version 16
VisualStudioVersion = 16.0.31129.286
MinimumVisualStudioVersion = 10.0.40219.1
Project("{FAE04EC0-301F-11D3-BF4B-00C04F79EFBC}") = "Hoang_Project_one", "Hoang_Project_one\Hoang_Project_one.csproj", "{9CBC47D3-305D-4118-B673-6EE537095A48}"
EndProject
Project("{FAE04EC0-301F-11D3-BF4B-00C04F79EFBC}") = "Multi", "Multi\Multi.csproj", "{5CED17C0-BF6C-4783-A8D8-4F25019573E2}"
EndProject
Global
	GlobalSection(SolutionConfigurationPlatforms) = preSolution
		Debug|Any CPU = Debug|Any CPU
		Release|Any CPU = Release|Any CPU
	EndGlobalSection
	GlobalSection(ProjectConfigurationPlatforms) = postSolution
		{9CBC47D3-305D-4118-B673-6EE537095A48}.Debug|Any CPU.ActiveCfg = Debug|Any CPU
		{9CBC47D3-305D-4118-B673-6EE537095A48}.Debug|Any CPU.Build.0 = Debug|Any CPU
		{9CBC47D3-305D-4118-B673-6EE537095A48}.Release|Any CPU.ActiveCfg = Release|Any CPU
		{9CBC47D3-305D-4118-B673-6EE537095A48}.Release|Any CPU.Build.0 = Release|Any CPU
		{5CED17C0-BF6C-4783-A8D8-4F25019573E2}.Debug|Any CPU.ActiveCfg = Debug|Any CPU
		{5CED17C0-BF6C-4783-A8D8-4F25019573E2}.Debug|Any CPU.Build.0 = Debug|Any CPU
		{5CED17C0-BF6C-4783-A8D8-4F25019573E2}.Release|Any CPU.ActiveCfg = Release|Any CPU
		{5CED17C0-BF6C-4783-A8D8-4F25019573E2}.Release|Any CPU.Build.0 = Release|Any CPU
	EndGlobalSection
	GlobalSection(SolutionProperties) = preSolution
		HideSolutionNode = FALSE
	EndGlobalSection
	GlobalSection(ExtensibilityGlobals) = postSolution
		SolutionGuid = {D15674B0-2F05-4F77-B6A2-7C29A9616933}
	EndGlobalSection
EndGlobal
